
Microsoft Visual Studio Solution File, Format Version 12.00
# Visual Studio Version 17
VisualStudioVersion = 17.0.32112.339
MinimumVisualStudioVersion = 10.0.40219.1
Project("{FAE04EC0-301F-11D3-BF4B-00C04F79EFBC}") = "ACME.Entities", "ACME.Entities\ACME.Entities.csproj", "{8EB117EF-09C6-4A99-BBAE-2C0BA2651E92}"
EndProject
Project("{FAE04EC0-301F-11D3-BF4B-00C04F79EFBC}") = "ACME.DAL", "ACME.DAL\ACME.DAL.csproj", "{D2FCB33E-FE90-45C8-89A2-08B518885CE7}"
EndProject
Project("{FAE04EC0-301F-11D3-BF4B-00C04F79EFBC}") = "ConsoleClient", "ConsoleClient\ConsoleClient.csproj", "{65A212D7-594A-4C60-9759-7E6A5FFBE55F}"
EndProject
Project("{FAE04EC0-301F-11D3-BF4B-00C04F79EFBC}") = "ACME.Interfaces", "ACME.Interfaces\ACME.Interfaces.csproj", "{4FE55356-1398-4E41-B536-38114307A2B3}"
EndProject
Project("{FAE04EC0-301F-11D3-BF4B-00C04F79EFBC}") = "ACME.DAL.Repositories.EF", "ACME.DAL.Repositories.EF\ACME.DAL.Repositories.EF.csproj", "{8FB436E7-EC95-4EE7-A83E-A0E9E8ABDC1A}"
EndProject
Global
	GlobalSection(SolutionConfigurationPlatforms) = preSolution
		Debug|Any CPU = Debug|Any CPU
		Release|Any CPU = Release|Any CPU
	EndGlobalSection
	GlobalSection(ProjectConfigurationPlatforms) = postSolution
		{8EB117EF-09C6-4A99-BBAE-2C0BA2651E92}.Debug|Any CPU.ActiveCfg = Debug|Any CPU
		{8EB117EF-09C6-4A99-BBAE-2C0BA2651E92}.Debug|Any CPU.Build.0 = Debug|Any CPU
		{8EB117EF-09C6-4A99-BBAE-2C0BA2651E92}.Release|Any CPU.ActiveCfg = Release|Any CPU
		{8EB117EF-09C6-4A99-BBAE-2C0BA2651E92}.Release|Any CPU.Build.0 = Release|Any CPU
		{D2FCB33E-FE90-45C8-89A2-08B518885CE7}.Debug|Any CPU.ActiveCfg = Debug|Any CPU
		{D2FCB33E-FE90-45C8-89A2-08B518885CE7}.Debug|Any CPU.Build.0 = Debug|Any CPU
		{D2FCB33E-FE90-45C8-89A2-08B518885CE7}.Release|Any CPU.ActiveCfg = Release|Any CPU
		{D2FCB33E-FE90-45C8-89A2-08B518885CE7}.Release|Any CPU.Build.0 = Release|Any CPU
		{65A212D7-594A-4C60-9759-7E6A5FFBE55F}.Debug|Any CPU.ActiveCfg = Debug|Any CPU
		{65A212D7-594A-4C60-9759-7E6A5FFBE55F}.Debug|Any CPU.Build.0 = Debug|Any CPU
		{65A212D7-594A-4C60-9759-7E6A5FFBE55F}.Release|Any CPU.ActiveCfg = Release|Any CPU
		{65A212D7-594A-4C60-9759-7E6A5FFBE55F}.Release|Any CPU.Build.0 = Release|Any CPU
		{4FE55356-1398-4E41-B536-38114307A2B3}.Debug|Any CPU.ActiveCfg = Debug|Any CPU
		{4FE55356-1398-4E41-B536-38114307A2B3}.Debug|Any CPU.Build.0 = Debug|Any CPU
		{4FE55356-1398-4E41-B536-38114307A2B3}.Release|Any CPU.ActiveCfg = Release|Any CPU
		{4FE55356-1398-4E41-B536-38114307A2B3}.Release|Any CPU.Build.0 = Release|Any CPU
		{8FB436E7-EC95-4EE7-A83E-A0E9E8ABDC1A}.Debug|Any CPU.ActiveCfg = Debug|Any CPU
		{8FB436E7-EC95-4EE7-A83E-A0E9E8ABDC1A}.Debug|Any CPU.Build.0 = Debug|Any CPU
		{8FB436E7-EC95-4EE7-A83E-A0E9E8ABDC1A}.Release|Any CPU.ActiveCfg = Release|Any CPU
		{8FB436E7-EC95-4EE7-A83E-A0E9E8ABDC1A}.Release|Any CPU.Build.0 = Release|Any CPU
	EndGlobalSection
	GlobalSection(SolutionProperties) = preSolution
		HideSolutionNode = FALSE
	EndGlobalSection
	GlobalSection(ExtensibilityGlobals) = postSolution
		SolutionGuid = {255CEAB0-35EC-4052-BA1F-D8BC31537E1D}
	EndGlobalSection
EndGlobal
