
Microsoft Visual Studio Solution File, Format Version 12.00
# Visual Studio Version 17
VisualStudioVersion = 17.0.32112.339
MinimumVisualStudioVersion = 10.0.40219.1
Project("{FAE04EC0-301F-11D3-BF4B-00C04F79EFBC}") = "Geheim", "Geheim\Geheim.csproj", "{B8D79315-60E7-4947-8B3E-1A6849745094}"
EndProject
Global
	GlobalSection(SolutionConfigurationPlatforms) = preSolution
		Debug|Any CPU = Debug|Any CPU
		Release|Any CPU = Release|Any CPU
	EndGlobalSection
	GlobalSection(ProjectConfigurationPlatforms) = postSolution
		{B8D79315-60E7-4947-8B3E-1A6849745094}.Debug|Any CPU.ActiveCfg = Debug|Any CPU
		{B8D79315-60E7-4947-8B3E-1A6849745094}.Debug|Any CPU.Build.0 = Debug|Any CPU
		{B8D79315-60E7-4947-8B3E-1A6849745094}.Release|Any CPU.ActiveCfg = Release|Any CPU
		{B8D79315-60E7-4947-8B3E-1A6849745094}.Release|Any CPU.Build.0 = Release|Any CPU
	EndGlobalSection
	GlobalSection(SolutionProperties) = preSolution
		HideSolutionNode = FALSE
	EndGlobalSection
	GlobalSection(ExtensibilityGlobals) = postSolution
		SolutionGuid = {781C79A0-4A81-4745-910D-ACF63AF0105D}
	EndGlobalSection
EndGlobal
